
Microsoft Visual Studio Solution File, Format Version 12.00
# Visual Studio Version 17
VisualStudioVersion = 17.0.32112.339
MinimumVisualStudioVersion = 10.0.40219.1
Project("{FAE04EC0-301F-11D3-BF4B-00C04F79EFBC}") = "M01_HelloWPF", "HelloWPF\M01_HelloWPF.csproj", "{55026807-DB47-4BF2-80B1-B3C187643A89}"
EndProject
Project("{FAE04EC0-301F-11D3-BF4B-00C04F79EFBC}") = "M02_Controls", "Controls\M02_Controls.csproj", "{9E24C697-0443-4C78-93F2-2A3EF265AE09}"
EndProject
Project("{FAE04EC0-301F-11D3-BF4B-00C04F79EFBC}") = "Personendatenbank", "Personendatenbank\Personendatenbank.csproj", "{E4714C9C-7D5B-4C6A-9EF4-0A590E7292F2}"
EndProject
Project("{FAE04EC0-301F-11D3-BF4B-00C04F79EFBC}") = "M03_Container", "Container\M03_Container.csproj", "{21A8BB95-4E89-4A84-8A76-F2EA46C08515}"
EndProject
Global
	GlobalSection(SolutionConfigurationPlatforms) = preSolution
		Debug|Any CPU = Debug|Any CPU
		Release|Any CPU = Release|Any CPU
	EndGlobalSection
	GlobalSection(ProjectConfigurationPlatforms) = postSolution
		{55026807-DB47-4BF2-80B1-B3C187643A89}.Debug|Any CPU.ActiveCfg = Debug|Any CPU
		{55026807-DB47-4BF2-80B1-B3C187643A89}.Debug|Any CPU.Build.0 = Debug|Any CPU
		{55026807-DB47-4BF2-80B1-B3C187643A89}.Release|Any CPU.ActiveCfg = Release|Any CPU
		{55026807-DB47-4BF2-80B1-B3C187643A89}.Release|Any CPU.Build.0 = Release|Any CPU
		{9E24C697-0443-4C78-93F2-2A3EF265AE09}.Debug|Any CPU.ActiveCfg = Debug|Any CPU
		{9E24C697-0443-4C78-93F2-2A3EF265AE09}.Debug|Any CPU.Build.0 = Debug|Any CPU
		{9E24C697-0443-4C78-93F2-2A3EF265AE09}.Release|Any CPU.ActiveCfg = Release|Any CPU
		{9E24C697-0443-4C78-93F2-2A3EF265AE09}.Release|Any CPU.Build.0 = Release|Any CPU
		{E4714C9C-7D5B-4C6A-9EF4-0A590E7292F2}.Debug|Any CPU.ActiveCfg = Debug|Any CPU
		{E4714C9C-7D5B-4C6A-9EF4-0A590E7292F2}.Debug|Any CPU.Build.0 = Debug|Any CPU
		{E4714C9C-7D5B-4C6A-9EF4-0A590E7292F2}.Release|Any CPU.ActiveCfg = Release|Any CPU
		{E4714C9C-7D5B-4C6A-9EF4-0A590E7292F2}.Release|Any CPU.Build.0 = Release|Any CPU
		{21A8BB95-4E89-4A84-8A76-F2EA46C08515}.Debug|Any CPU.ActiveCfg = Debug|Any CPU
		{21A8BB95-4E89-4A84-8A76-F2EA46C08515}.Debug|Any CPU.Build.0 = Debug|Any CPU
		{21A8BB95-4E89-4A84-8A76-F2EA46C08515}.Release|Any CPU.ActiveCfg = Release|Any CPU
		{21A8BB95-4E89-4A84-8A76-F2EA46C08515}.Release|Any CPU.Build.0 = Release|Any CPU
	EndGlobalSection
	GlobalSection(SolutionProperties) = preSolution
		HideSolutionNode = FALSE
	EndGlobalSection
	GlobalSection(ExtensibilityGlobals) = postSolution
		SolutionGuid = {E979BA9E-CD88-4C06-AA24-945C374AE433}
	EndGlobalSection
EndGlobal
